
Microsoft Visual Studio Solution File, Format Version 12.00
# Visual Studio Version 17
VisualStudioVersion = 17.11.35219.272
MinimumVisualStudioVersion = 10.0.40219.1
Project("{9A19103F-16F7-4668-BE54-9A1E7A4F7556}") = "EmpregaAI", "EmpregaAPI\EmpregaAI.csproj", "{B0EEA465-868A-4E65-8D6E-061BD803FCAF}"
EndProject
Global
	GlobalSection(SolutionConfigurationPlatforms) = preSolution
		Debug|Any CPU = Debug|Any CPU
		Release|Any CPU = Release|Any CPU
	EndGlobalSection
	GlobalSection(ProjectConfigurationPlatforms) = postSolution
		{B0EEA465-868A-4E65-8D6E-061BD803FCAF}.Debug|Any CPU.ActiveCfg = Debug|Any CPU
		{B0EEA465-868A-4E65-8D6E-061BD803FCAF}.Debug|Any CPU.Build.0 = Debug|Any CPU
		{B0EEA465-868A-4E65-8D6E-061BD803FCAF}.Release|Any CPU.ActiveCfg = Release|Any CPU
		{B0EEA465-868A-4E65-8D6E-061BD803FCAF}.Release|Any CPU.Build.0 = Release|Any CPU
	EndGlobalSection
	GlobalSection(SolutionProperties) = preSolution
		HideSolutionNode = FALSE
	EndGlobalSection
	GlobalSection(ExtensibilityGlobals) = postSolution
		SolutionGuid = {F028FA9B-97F4-45FC-AA94-770986A0D637}
	EndGlobalSection
EndGlobal
